{
    "name": "scoopet",
    "version": "0.1.0",
    "lockfileVersion": 2,
    "requires": true,
    "packages": {
        "": {
            "name": "scoopet",
            "version": "0.1.0",
            "license": "ISC",
            "dependencies": {
                "scoopet": "file:"
            }
        },
        "node_modules/scoopet": {
            "resolved": "",
            "link": true
        }
    },
    "dependencies": {
        "scoopet": {
            "version": "file:",
            "requires": {
                "scoopet": "file:"
            }
        }
    }
}
